<?xml version="1.0" encoding="utf-8"?>
<Project ToolsVersion="4.0" xmlns="http://schemas.microsoft.com/developer/msbuild/2003">
  <ItemGroup>
    <Filter Include="Source Files">
      <UniqueIdentifier>{4FC737F1-C7A5-4376-A066-2A32D752A2FF}</UniqueIdentifier>
      <Extensions>cpp;c;cc;cxx;def;odl;idl;hpj;bat;asm;asmx</Extensions>
    </Filter>
    <Filter Include="Header Files">
      <UniqueIdentifier>{93995380-89BD-4b04-88EB-625FBE52EBFB}</UniqueIdentifier>
      <Extensions>h;hh;hpp;hxx;hm;inl;inc;xsd</Extensions>
    </Filter>
    <Filter Include="Resource Files">
      <UniqueIdentifier>{67DA6AB6-F800-4c08-8B7A-83BB121AAD01}</UniqueIdentifier>
      <Extensions>rc;ico;cur;bmp;dlg;rc2;rct;bin;rgs;gif;jpg;jpeg;jpe;resx;tiff;tif;png;wav;mfcribbon-ms</Extensions>
    </Filter>
    <Filter Include="Header Files\Converter">
      <UniqueIdentifier>{69383f7a-7ee3-40da-85c2-a072f50c0ba6}</UniqueIdentifier>
    </Filter>
    <Filter Include="Header Files\Converter\Declarations">
      <UniqueIdentifier>{e93da68e-83da-42d1-ba99-acf6d40abda3}</UniqueIdentifier>
    </Filter>
    <Filter Include="Header Files\Converter\Expressions">
      <UniqueIdentifier>{fdf024b4-023a-40a0-bce5-0a744b55abbc}</UniqueIdentifier>
    </Filter>
    <Filter Include="Header Files\Converter\Statements">
      <UniqueIdentifier>{affd0ece-8663-426e-acc7-b08430f16874}</UniqueIdentifier>
    </Filter>
    <Filter Include="Header Files\Converter\Initialization">
      <UniqueIdentifier>{eef34215-4fe1-40be-9111-e9d9b7864bc7}</UniqueIdentifier>
    </Filter>
    <Filter Include="Header Files\Converter\Other">
      <UniqueIdentifier>{c848884b-ca04-4f41-97b4-1e287fcf95d9}</UniqueIdentifier>
    </Filter>
    <Filter Include="Source Files\Converter">
      <UniqueIdentifier>{b84c813a-0063-4f50-a24e-38a67232543b}</UniqueIdentifier>
    </Filter>
    <Filter Include="Source Files\Converter\Declarations">
      <UniqueIdentifier>{404221fc-3b27-4dd8-a58a-967b92be93f9}</UniqueIdentifier>
    </Filter>
    <Filter Include="Source Files\Converter\Expressions">
      <UniqueIdentifier>{9a17a650-7990-45df-b184-4bd7fbc2f35e}</UniqueIdentifier>
    </Filter>
    <Filter Include="Source Files\Converter\Statements">
      <UniqueIdentifier>{13893372-f137-493a-8203-83c26bc71f59}</UniqueIdentifier>
    </Filter>
    <Filter Include="Source Files\Converter\Initialization">
      <UniqueIdentifier>{08668145-d5fb-4347-b92d-6e158be3ae3a}</UniqueIdentifier>
    </Filter>
    <Filter Include="Source Files\Converter\Other">
      <UniqueIdentifier>{66367836-ed2d-409d-88a8-09f529c4284d}</UniqueIdentifier>
    </Filter>
  </ItemGroup>
  <ItemGroup>
    <ClInclude Include="DLLHeader.h">
      <Filter>Header Files</Filter>
    </ClInclude>
    <ClInclude Include="converter_source\declarations\class_Decl.h">
      <Filter>Header Files\Converter\Declarations</Filter>
    </ClInclude>
    <ClInclude Include="converter_source\declarations\class_Declaration.h">
      <Filter>Header Files\Converter\Declarations</Filter>
    </ClInclude>
    <ClInclude Include="converter_source\declarations\class_FuncDef.h">
      <Filter>Header Files\Converter\Declarations</Filter>
    </ClInclude>
    <ClInclude Include="converter_source\expressions\class_AddExpr.h">
      <Filter>Header Files\Converter\Expressions</Filter>
    </ClInclude>
    <ClInclude Include="converter_source\expressions\class_AssignExpr.h">
      <Filter>Header Files\Converter\Expressions</Filter>
    </ClInclude>
    <ClInclude Include="converter_source\expressions\class_BwAndExpr.h">
      <Filter>Header Files\Converter\Expressions</Filter>
    </ClInclude>
    <ClInclude Include="converter_source\expressions\class_BwEorExpr.h">
      <Filter>Header Files\Converter\Expressions</Filter>
    </ClInclude>
    <ClInclude Include="converter_source\expressions\class_BwIorExpr.h">
      <Filter>Header Files\Converter\Expressions</Filter>
    </ClInclude>
    <ClInclude Include="converter_source\expressions\class_CondExpr.h">
      <Filter>Header Files\Converter\Expressions</Filter>
    </ClInclude>
    <ClInclude Include="converter_source\expressions\class_EquExpr.h">
      <Filter>Header Files\Converter\Expressions</Filter>
    </ClInclude>
    <ClInclude Include="converter_source\expressions\class_Expr.h">
      <Filter>Header Files\Converter\Expressions</Filter>
    </ClInclude>
    <ClInclude Include="converter_source\expressions\class_Expression.h">
      <Filter>Header Files\Converter\Expressions</Filter>
    </ClInclude>
    <ClInclude Include="converter_source\expressions\class_LogAndExpr.h">
      <Filter>Header Files\Converter\Expressions</Filter>
    </ClInclude>
    <ClInclude Include="converter_source\expressions\class_LogOrExpr.h">
      <Filter>Header Files\Converter\Expressions</Filter>
    </ClInclude>
    <ClInclude Include="converter_source\expressions\class_MultipExpr.h">
      <Filter>Header Files\Converter\Expressions</Filter>
    </ClInclude>
    <ClInclude Include="converter_source\expressions\class_PostfExpr.h">
      <Filter>Header Files\Converter\Expressions</Filter>
    </ClInclude>
    <ClInclude Include="converter_source\expressions\class_PrimaryExpr.h">
      <Filter>Header Files\Converter\Expressions</Filter>
    </ClInclude>
    <ClInclude Include="converter_source\expressions\class_RelatExpr.h">
      <Filter>Header Files\Converter\Expressions</Filter>
    </ClInclude>
    <ClInclude Include="converter_source\expressions\class_ShiftExpr.h">
      <Filter>Header Files\Converter\Expressions</Filter>
    </ClInclude>
    <ClInclude Include="converter_source\expressions\class_UnaryExpr.h">
      <Filter>Header Files\Converter\Expressions</Filter>
    </ClInclude>
    <ClInclude Include="converter_source\statements\class_CompStat.h">
      <Filter>Header Files\Converter\Statements</Filter>
    </ClInclude>
    <ClInclude Include="converter_source\statements\class_ConsoleIOStat.h">
      <Filter>Header Files\Converter\Statements</Filter>
    </ClInclude>
    <ClInclude Include="converter_source\statements\class_DeclStat.h">
      <Filter>Header Files\Converter\Statements</Filter>
    </ClInclude>
    <ClInclude Include="converter_source\statements\class_DowhileStat.h">
      <Filter>Header Files\Converter\Statements</Filter>
    </ClInclude>
    <ClInclude Include="converter_source\statements\class_ExprStat.h">
      <Filter>Header Files\Converter\Statements</Filter>
    </ClInclude>
    <ClInclude Include="converter_source\statements\class_ForStat.h">
      <Filter>Header Files\Converter\Statements</Filter>
    </ClInclude>
    <ClInclude Include="converter_source\statements\class_IfStat.h">
      <Filter>Header Files\Converter\Statements</Filter>
    </ClInclude>
    <ClInclude Include="converter_source\statements\class_JumpStat.h">
      <Filter>Header Files\Converter\Statements</Filter>
    </ClInclude>
    <ClInclude Include="converter_source\statements\class_LblStat.h">
      <Filter>Header Files\Converter\Statements</Filter>
    </ClInclude>
    <ClInclude Include="converter_source\statements\class_Stat.h">
      <Filter>Header Files\Converter\Statements</Filter>
    </ClInclude>
    <ClInclude Include="converter_source\statements\class_Statement.h">
      <Filter>Header Files\Converter\Statements</Filter>
    </ClInclude>
    <ClInclude Include="converter_source\statements\class_SwitchStat.h">
      <Filter>Header Files\Converter\Statements</Filter>
    </ClInclude>
    <ClInclude Include="converter_source\statements\class_WhileStat.h">
      <Filter>Header Files\Converter\Statements</Filter>
    </ClInclude>
    <ClInclude Include="converter_source\initialization\class_InitClause.h">
      <Filter>Header Files\Converter\Initialization</Filter>
    </ClInclude>
    <ClInclude Include="converter_source\initialization\class_Initialization.h">
      <Filter>Header Files\Converter\Initialization</Filter>
    </ClInclude>
    <ClInclude Include="converter_source\initialization\class_Initializer.h">
      <Filter>Header Files\Converter\Initialization</Filter>
    </ClInclude>
    <ClInclude Include="converter_source\initialization\class_InitList.h">
      <Filter>Header Files\Converter\Initialization</Filter>
    </ClInclude>
    <ClInclude Include="converter_source\other\class_ArrayPart.h">
      <Filter>Header Files\Converter\Other</Filter>
    </ClInclude>
    <ClInclude Include="converter_source\other\class_Idvar.h">
      <Filter>Header Files\Converter\Other</Filter>
    </ClInclude>
    <ClInclude Include="converter_source\other\class_TType.h">
      <Filter>Header Files\Converter\Other</Filter>
    </ClInclude>
    <ClInclude Include="converter_source\class_ProgramCode.h">
      <Filter>Header Files\Converter</Filter>
    </ClInclude>
    <ClInclude Include="converter_source\class_Parser.h">
      <Filter>Header Files\Converter</Filter>
    </ClInclude>
    <ClInclude Include="converter_source\class_GrammarCompiler.h">
      <Filter>Header Files\Converter</Filter>
    </ClInclude>
  </ItemGroup>
  <ItemGroup>
    <ClCompile Include="DLLSource.cpp">
      <Filter>Source Files</Filter>
    </ClCompile>
    <ClCompile Include="converter_source\declarations\cpp\class_Decl.cpp">
      <Filter>Source Files\Converter\Declarations</Filter>
    </ClCompile>
    <ClCompile Include="converter_source\declarations\cpp\class_FuncDef.cpp">
      <Filter>Source Files\Converter\Declarations</Filter>
    </ClCompile>
    <ClCompile Include="converter_source\expressions\cpp\class_AddExpr.cpp">
      <Filter>Source Files\Converter\Expressions</Filter>
    </ClCompile>
    <ClCompile Include="converter_source\expressions\cpp\class_AssignExpr.cpp">
      <Filter>Source Files\Converter\Expressions</Filter>
    </ClCompile>
    <ClCompile Include="converter_source\expressions\cpp\class_BwAndExpr.cpp">
      <Filter>Source Files\Converter\Expressions</Filter>
    </ClCompile>
    <ClCompile Include="converter_source\expressions\cpp\class_BwEorExpr.cpp">
      <Filter>Source Files\Converter\Expressions</Filter>
    </ClCompile>
    <ClCompile Include="converter_source\expressions\cpp\class_BwIorExpr.cpp">
      <Filter>Source Files\Converter\Expressions</Filter>
    </ClCompile>
    <ClCompile Include="converter_source\expressions\cpp\class_CondExpr.cpp">
      <Filter>Source Files\Converter\Expressions</Filter>
    </ClCompile>
    <ClCompile Include="converter_source\expressions\cpp\class_EquExpr.cpp">
      <Filter>Source Files\Converter\Expressions</Filter>
    </ClCompile>
    <ClCompile Include="converter_source\expressions\cpp\class_Expr.cpp">
      <Filter>Source Files\Converter\Expressions</Filter>
    </ClCompile>
    <ClCompile Include="converter_source\expressions\cpp\class_LogAndExpr.cpp">
      <Filter>Source Files\Converter\Expressions</Filter>
    </ClCompile>
    <ClCompile Include="converter_source\expressions\cpp\class_LogOrExpr.cpp">
      <Filter>Source Files\Converter\Expressions</Filter>
    </ClCompile>
    <ClCompile Include="converter_source\expressions\cpp\class_MultipExpr.cpp">
      <Filter>Source Files\Converter\Expressions</Filter>
    </ClCompile>
    <ClCompile Include="converter_source\expressions\cpp\class_PostfExpr.cpp">
      <Filter>Source Files\Converter\Expressions</Filter>
    </ClCompile>
    <ClCompile Include="converter_source\expressions\cpp\class_PrimaryExpr.cpp">
      <Filter>Source Files\Converter\Expressions</Filter>
    </ClCompile>
    <ClCompile Include="converter_source\expressions\cpp\class_RelatExpr.cpp">
      <Filter>Source Files\Converter\Expressions</Filter>
    </ClCompile>
    <ClCompile Include="converter_source\expressions\cpp\class_ShiftExpr.cpp">
      <Filter>Source Files\Converter\Expressions</Filter>
    </ClCompile>
    <ClCompile Include="converter_source\expressions\cpp\class_UnaryExpr.cpp">
      <Filter>Source Files\Converter\Expressions</Filter>
    </ClCompile>
    <ClCompile Include="converter_source\statements\cpp\class_CompStat.cpp">
      <Filter>Source Files\Converter\Statements</Filter>
    </ClCompile>
    <ClCompile Include="converter_source\statements\cpp\class_ConsoleIOStat.cpp">
      <Filter>Source Files\Converter\Statements</Filter>
    </ClCompile>
    <ClCompile Include="converter_source\statements\cpp\class_DeclStat.cpp">
      <Filter>Source Files\Converter\Statements</Filter>
    </ClCompile>
    <ClCompile Include="converter_source\statements\cpp\class_DowhileStat.cpp">
      <Filter>Source Files\Converter\Statements</Filter>
    </ClCompile>
    <ClCompile Include="converter_source\statements\cpp\class_ExprStat.cpp">
      <Filter>Source Files\Converter\Statements</Filter>
    </ClCompile>
    <ClCompile Include="converter_source\statements\cpp\class_ForStat.cpp">
      <Filter>Source Files\Converter\Statements</Filter>
    </ClCompile>
    <ClCompile Include="converter_source\statements\cpp\class_IfStat.cpp">
      <Filter>Source Files\Converter\Statements</Filter>
    </ClCompile>
    <ClCompile Include="converter_source\statements\cpp\class_JumpStat.cpp">
      <Filter>Source Files\Converter\Statements</Filter>
    </ClCompile>
    <ClCompile Include="converter_source\statements\cpp\class_LblStat.cpp">
      <Filter>Source Files\Converter\Statements</Filter>
    </ClCompile>
    <ClCompile Include="converter_source\statements\cpp\class_Stat.cpp">
      <Filter>Source Files\Converter\Statements</Filter>
    </ClCompile>
    <ClCompile Include="converter_source\statements\cpp\class_SwitchStat.cpp">
      <Filter>Source Files\Converter\Statements</Filter>
    </ClCompile>
    <ClCompile Include="converter_source\statements\cpp\class_WhileStat.cpp">
      <Filter>Source Files\Converter\Statements</Filter>
    </ClCompile>
    <ClCompile Include="converter_source\initialization\cpp\class_Initializer.cpp">
      <Filter>Source Files\Converter\Initialization</Filter>
    </ClCompile>
    <ClCompile Include="converter_source\initialization\cpp\class_InitClause.cpp">
      <Filter>Source Files\Converter\Initialization</Filter>
    </ClCompile>
    <ClCompile Include="converter_source\initialization\cpp\class_InitList.cpp">
      <Filter>Source Files\Converter\Initialization</Filter>
    </ClCompile>
    <ClCompile Include="converter_source\other\cpp\class_Idvar.cpp">
      <Filter>Source Files\Converter\Other</Filter>
    </ClCompile>
    <ClCompile Include="converter_source\other\cpp\class_TType.cpp">
      <Filter>Source Files\Converter\Other</Filter>
    </ClCompile>
    <ClCompile Include="converter_source\other\cpp\class_ArrayPart.cpp">
      <Filter>Source Files\Converter\Other</Filter>
    </ClCompile>
    <ClCompile Include="converter_source\class_GrammarCompiler.cpp">
      <Filter>Source Files\Converter</Filter>
    </ClCompile>
    <ClCompile Include="converter_source\class_ProgramCode.cpp">
      <Filter>Source Files\Converter</Filter>
    </ClCompile>
  </ItemGroup>
</Project>